
Microsoft Visual Studio Solution File, Format Version 12.00
# Visual Studio Version 16
VisualStudioVersion = 16.0.30413.136
MinimumVisualStudioVersion = 10.0.40219.1
Project("{FAE04EC0-301F-11D3-BF4B-00C04F79EFBC}") = "RuleBasedFractalsWPF", "RuleBasedFractalsWPF\RuleBasedFractalsWPF.csproj", "{4767D11F-E9B1-4A69-AD54-F2584E63BAA5}"
EndProject
Global
	GlobalSection(SolutionConfigurationPlatforms) = preSolution
		Debug|Any CPU = Debug|Any CPU
		Release|Any CPU = Release|Any CPU
	EndGlobalSection
	GlobalSection(ProjectConfigurationPlatforms) = postSolution
		{4767D11F-E9B1-4A69-AD54-F2584E63BAA5}.Debug|Any CPU.ActiveCfg = Debug|Any CPU
		{4767D11F-E9B1-4A69-AD54-F2584E63BAA5}.Debug|Any CPU.Build.0 = Debug|Any CPU
		{4767D11F-E9B1-4A69-AD54-F2584E63BAA5}.Release|Any CPU.ActiveCfg = Release|Any CPU
		{4767D11F-E9B1-4A69-AD54-F2584E63BAA5}.Release|Any CPU.Build.0 = Release|Any CPU
	EndGlobalSection
	GlobalSection(SolutionProperties) = preSolution
		HideSolutionNode = FALSE
	EndGlobalSection
	GlobalSection(ExtensibilityGlobals) = postSolution
		SolutionGuid = {49C5D7FE-20EF-46B4-8079-5746E1E11021}
	EndGlobalSection
EndGlobal
