
Microsoft Visual Studio Solution File, Format Version 12.00
# Visual Studio Version 16
VisualStudioVersion = 16.0.30413.136
MinimumVisualStudioVersion = 10.0.40219.1
Project("{FAE04EC0-301F-11D3-BF4B-00C04F79EFBC}") = "Pascal's triangle WPF", "Pascal's triangle WPF\Pascal's triangle WPF.csproj", "{B125DFCD-93F8-4963-92B9-F989BA47EFAE}"
EndProject
Global
	GlobalSection(SolutionConfigurationPlatforms) = preSolution
		Debug|Any CPU = Debug|Any CPU
		Release|Any CPU = Release|Any CPU
	EndGlobalSection
	GlobalSection(ProjectConfigurationPlatforms) = postSolution
		{B125DFCD-93F8-4963-92B9-F989BA47EFAE}.Debug|Any CPU.ActiveCfg = Debug|Any CPU
		{B125DFCD-93F8-4963-92B9-F989BA47EFAE}.Debug|Any CPU.Build.0 = Debug|Any CPU
		{B125DFCD-93F8-4963-92B9-F989BA47EFAE}.Release|Any CPU.ActiveCfg = Release|Any CPU
		{B125DFCD-93F8-4963-92B9-F989BA47EFAE}.Release|Any CPU.Build.0 = Release|Any CPU
	EndGlobalSection
	GlobalSection(SolutionProperties) = preSolution
		HideSolutionNode = FALSE
	EndGlobalSection
	GlobalSection(ExtensibilityGlobals) = postSolution
		SolutionGuid = {E381D60F-FF5D-486F-8ABD-0BACBF0F45CE}
	EndGlobalSection
EndGlobal
